// !$*UTF8*$!
{
	archiveVersion = 1;
	classes = {
	};
	objectVersion = 48;
	objects = {

/* Begin PBXBuildFile section */
		C332AE201FB7F5790081968B /* SunDataView.swift in Sources */ = {isa = PBXBuildFile; fileRef = C332AE1F1FB7F5790081968B /* SunDataView.swift */; };
		C33DD67C1F97018E006C2DD6 /* AppDelegate.swift in Sources */ = {isa = PBXBuildFile; fileRef = C33DD67B1F97018E006C2DD6 /* AppDelegate.swift */; };
		C33DD67E1F97018E006C2DD6 /* ViewController.swift in Sources */ = {isa = PBXBuildFile; fileRef = C33DD67D1F97018E006C2DD6 /* ViewController.swift */; };
		C33DD6811F97018E006C2DD6 /* Main.storyboard in Resources */ = {isa = PBXBuildFile; fileRef = C33DD67F1F97018E006C2DD6 /* Main.storyboard */; };
		C33DD6841F97018E006C2DD6 /* Today.xcdatamodeld in Sources */ = {isa = PBXBuildFile; fileRef = C33DD6821F97018E006C2DD6 /* Today.xcdatamodeld */; };
		C33DD6861F97018E006C2DD6 /* Assets.xcassets in Resources */ = {isa = PBXBuildFile; fileRef = C33DD6851F97018E006C2DD6 /* Assets.xcassets */; };
		C33DD6891F97018E006C2DD6 /* LaunchScreen.storyboard in Resources */ = {isa = PBXBuildFile; fileRef = C33DD6871F97018E006C2DD6 /* LaunchScreen.storyboard */; };
		C33DD6911F970439006C2DD6 /* SunDataController.swift in Sources */ = {isa = PBXBuildFile; fileRef = C33DD6901F970439006C2DD6 /* SunDataController.swift */; };
		C33DD6951F97218D006C2DD6 /* CGRect + CGSize.swift in Sources */ = {isa = PBXBuildFile; fileRef = C33DD6941F97218D006C2DD6 /* CGRect + CGSize.swift */; };
		C3A39D9F1F9D28B1000291A1 /* LocationConfigurator.swift in Sources */ = {isa = PBXBuildFile; fileRef = C3A39D9E1F9D28B1000291A1 /* LocationConfigurator.swift */; };
/* End PBXBuildFile section */

/* Begin PBXFileReference section */
		C332AE1F1FB7F5790081968B /* SunDataView.swift */ = {isa = PBXFileReference; lastKnownFileType = sourcecode.swift; path = SunDataView.swift; sourceTree = "<group>"; };
		C33DD6781F97018E006C2DD6 /* Today.app */ = {isa = PBXFileReference; explicitFileType = wrapper.application; includeInIndex = 0; path = Today.app; sourceTree = BUILT_PRODUCTS_DIR; };
		C33DD67B1F97018E006C2DD6 /* AppDelegate.swift */ = {isa = PBXFileReference; lastKnownFileType = sourcecode.swift; path = AppDelegate.swift; sourceTree = "<group>"; };
		C33DD67D1F97018E006C2DD6 /* ViewController.swift */ = {isa = PBXFileReference; lastKnownFileType = sourcecode.swift; path = ViewController.swift; sourceTree = "<group>"; };
		C33DD6801F97018E006C2DD6 /* Base */ = {isa = PBXFileReference; lastKnownFileType = file.storyboard; name = Base; path = Base.lproj/Main.storyboard; sourceTree = "<group>"; };
		C33DD6831F97018E006C2DD6 /* Today.xcdatamodel */ = {isa = PBXFileReference; lastKnownFileType = wrapper.xcdatamodel; path = Today.xcdatamodel; sourceTree = "<group>"; };
		C33DD6851F97018E006C2DD6 /* Assets.xcassets */ = {isa = PBXFileReference; lastKnownFileType = folder.assetcatalog; path = Assets.xcassets; sourceTree = "<group>"; };
		C33DD6881F97018E006C2DD6 /* Base */ = {isa = PBXFileReference; lastKnownFileType = file.storyboard; name = Base; path = Base.lproj/LaunchScreen.storyboard; sourceTree = "<group>"; };
		C33DD68A1F97018E006C2DD6 /* Info.plist */ = {isa = PBXFileReference; lastKnownFileType = text.plist.xml; path = Info.plist; sourceTree = "<group>"; };
		C33DD6901F970439006C2DD6 /* SunDataController.swift */ = {isa = PBXFileReference; lastKnownFileType = sourcecode.swift; path = SunDataController.swift; sourceTree = "<group>"; };
		C33DD6941F97218D006C2DD6 /* CGRect + CGSize.swift */ = {isa = PBXFileReference; lastKnownFileType = sourcecode.swift; path = "CGRect + CGSize.swift"; sourceTree = "<group>"; };
		C3A39D9E1F9D28B1000291A1 /* LocationConfigurator.swift */ = {isa = PBXFileReference; lastKnownFileType = sourcecode.swift; path = LocationConfigurator.swift; sourceTree = "<group>"; };
/* End PBXFileReference section */

/* Begin PBXFrameworksBuildPhase section */
		C33DD6751F97018E006C2DD6 /* Frameworks */ = {
			isa = PBXFrameworksBuildPhase;
			buildActionMask = 2147483647;
			files = (
			);
			runOnlyForDeploymentPostprocessing = 0;
		};
/* End PBXFrameworksBuildPhase section */

/* Begin PBXGroup section */
		C33DD66F1F97018E006C2DD6 = {
			isa = PBXGroup;
			children = (
				C33DD67A1F97018E006C2DD6 /* Today */,
				C33DD6791F97018E006C2DD6 /* Products */,
			);
			sourceTree = "<group>";
		};
		C33DD6791F97018E006C2DD6 /* Products */ = {
			isa = PBXGroup;
			children = (
				C33DD6781F97018E006C2DD6 /* Today.app */,
			);
			name = Products;
			sourceTree = "<group>";
		};
		C33DD67A1F97018E006C2DD6 /* Today */ = {
			isa = PBXGroup;
			children = (
				C33DD67B1F97018E006C2DD6 /* AppDelegate.swift */,
				C33DD67D1F97018E006C2DD6 /* ViewController.swift */,
				C33DD6901F970439006C2DD6 /* SunDataController.swift */,
				C33DD6941F97218D006C2DD6 /* CGRect + CGSize.swift */,
				C3A39D9E1F9D28B1000291A1 /* LocationConfigurator.swift */,
				C33DD67F1F97018E006C2DD6 /* Main.storyboard */,
				C33DD6851F97018E006C2DD6 /* Assets.xcassets */,
				C33DD6871F97018E006C2DD6 /* LaunchScreen.storyboard */,
				C33DD68A1F97018E006C2DD6 /* Info.plist */,
				C33DD6821F97018E006C2DD6 /* Today.xcdatamodeld */,
				C332AE1F1FB7F5790081968B /* SunDataView.swift */,
			);
			path = Today;
			sourceTree = "<group>";
		};
/* End PBXGroup section */

/* Begin PBXNativeTarget section */
		C33DD6771F97018E006C2DD6 /* Today */ = {
			isa = PBXNativeTarget;
			buildConfigurationList = C33DD68D1F97018E006C2DD6 /* Build configuration list for PBXNativeTarget "Today" */;
			buildPhases = (
				C33DD6741F97018E006C2DD6 /* Sources */,
				C33DD6751F97018E006C2DD6 /* Frameworks */,
				C33DD6761F97018E006C2DD6 /* Resources */,
			);
			buildRules = (
			);
			dependencies = (
			);
			name = Today;
			productName = Today;
			productReference = C33DD6781F97018E006C2DD6 /* Today.app */;
			productType = "com.apple.product-type.application";
		};
/* End PBXNativeTarget section */

/* Begin PBXProject section */
		C33DD6701F97018E006C2DD6 /* Project object */ = {
			isa = PBXProject;
			attributes = {
				LastSwiftUpdateCheck = 0900;
				LastUpgradeCheck = 0900;
				ORGANIZATIONNAME = "Scottie Biddle";
				TargetAttributes = {
					C33DD6771F97018E006C2DD6 = {
						CreatedOnToolsVersion = 9.0;
						ProvisioningStyle = Automatic;
					};
				};
			};
			buildConfigurationList = C33DD6731F97018E006C2DD6 /* Build configuration list for PBXProject "Today" */;
			compatibilityVersion = "Xcode 8.0";
			developmentRegion = en;
			hasScannedForEncodings = 0;
			knownRegions = (
				en,
				Base,
			);
			mainGroup = C33DD66F1F97018E006C2DD6;
			productRefGroup = C33DD6791F97018E006C2DD6 /* Products */;
			projectDirPath = "";
			projectRoot = "";
			targets = (
				C33DD6771F97018E006C2DD6 /* Today */,
			);
		};
/* End PBXProject section */

/* Begin PBXResourcesBuildPhase section */
		C33DD6761F97018E006C2DD6 /* Resources */ = {
			isa = PBXResourcesBuildPhase;
			buildActionMask = 2147483647;
			files = (
				C33DD6891F97018E006C2DD6 /* LaunchScreen.storyboard in Resources */,
				C33DD6861F97018E006C2DD6 /* Assets.xcassets in Resources */,
				C33DD6811F97018E006C2DD6 /* Main.storyboard in Resources */,
			);
			runOnlyForDeploymentPostprocessing = 0;
		};
/* End PBXResourcesBuildPhase section */

/* Begin PBXSourcesBuildPhase section */
		C33DD6741F97018E006C2DD6 /* Sources */ = {
			isa = PBXSourcesBuildPhase;
			buildActionMask = 2147483647;
			files = (
				C33DD6951F97218D006C2DD6 /* CGRect + CGSize.swift in Sources */,
				C332AE201FB7F5790081968B /* SunDataView.swift in Sources */,
				C33DD6841F97018E006C2DD6 /* Today.xcdatamodeld in Sources */,
				C33DD67E1F97018E006C2DD6 /* ViewController.swift in Sources */,
				C3A39D9F1F9D28B1000291A1 /* LocationConfigurator.swift in Sources */,
				C33DD6911F970439006C2DD6 /* SunDataController.swift in Sources */,
				C33DD67C1F97018E006C2DD6 /* AppDelegate.swift in Sources */,
			);
			runOnlyForDeploymentPostprocessing = 0;
		};
/* End PBXSourcesBuildPhase section */

/* Begin PBXVariantGroup section */
		C33DD67F1F97018E006C2DD6 /* Main.storyboard */ = {
			isa = PBXVariantGroup;
			children = (
				C33DD6801F97018E006C2DD6 /* Base */,
			);
			name = Main.storyboard;
			sourceTree = "<group>";
		};
		C33DD6871F97018E006C2DD6 /* LaunchScreen.storyboard */ = {
			isa = PBXVariantGroup;
			children = (
				C33DD6881F97018E006C2DD6 /* Base */,
			);
			name = LaunchScreen.storyboard;
			sourceTree = "<group>";
		};
/* End PBXVariantGroup section */

/* Begin XCBuildConfiguration section */
		C33DD68B1F97018E006C2DD6 /* Debug */ = {
			isa = XCBuildConfiguration;
			buildSettings = {
				ALWAYS_SEARCH_USER_PATHS = NO;
				CLANG_ANALYZER_NONNULL = YES;
				CLANG_ANALYZER_NUMBER_OBJECT_CONVERSION = YES_AGGRESSIVE;
				CLANG_CXX_LANGUAGE_STANDARD = "gnu++14";
				CLANG_CXX_LIBRARY = "libc++";
				CLANG_ENABLE_MODULES = YES;
				CLANG_ENABLE_OBJC_ARC = YES;
				CLANG_WARN_BLOCK_CAPTURE_AUTORELEASING = YES;
				CLANG_WARN_BOOL_CONVERSION = YES;
				CLANG_WARN_COMMA = YES;
				CLANG_WARN_CONSTANT_CONVERSION = YES;
				CLANG_WARN_DIRECT_OBJC_ISA_USAGE = YES_ERROR;
				CLANG_WARN_DOCUMENTATION_COMMENTS = YES;
				CLANG_WARN_EMPTY_BODY = YES;
				CLANG_WARN_ENUM_CONVERSION = YES;
				CLANG_WARN_INFINITE_RECURSION = YES;
				CLANG_WARN_INT_CONVERSION = YES;
				CLANG_WARN_NON_LITERAL_NULL_CONVERSION = YES;
				CLANG_WARN_OBJC_LITERAL_CONVERSION = YES;
				CLANG_WARN_OBJC_ROOT_CLASS = YES_ERROR;
				CLANG_WARN_RANGE_LOOP_ANALYSIS = YES;
				CLANG_WARN_STRICT_PROTOTYPES = YES;
				CLANG_WARN_SUSPICIOUS_MOVE = YES;
				CLANG_WARN_UNGUARDED_AVAILABILITY = YES_AGGRESSIVE;
				CLANG_WARN_UNREACHABLE_CODE = YES;
				CLANG_WARN__DUPLICATE_METHOD_MATCH = YES;
				CODE_SIGN_IDENTITY = "iPhone Developer";
				COPY_PHASE_STRIP = NO;
				DEBUG_INFORMATION_FORMAT = dwarf;
				ENABLE_STRICT_OBJC_MSGSEND = YES;
				ENABLE_TESTABILITY = YES;
				GCC_C_LANGUAGE_STANDARD = gnu11;
				GCC_DYNAMIC_NO_PIC = NO;
				GCC_NO_COMMON_BLOCKS = YES;
				GCC_OPTIMIZATION_LEVEL = 0;
				GCC_PREPROCESSOR_DEFINITIONS = (
					"DEBUG=1",
					"$(inherited)",
				);
				GCC_WARN_64_TO_32_BIT_CONVERSION = YES;
				GCC_WARN_ABOUT_RETURN_TYPE = YES_ERROR;
				GCC_WARN_UNDECLARED_SELECTOR = YES;
				GCC_WARN_UNINITIALIZED_AUTOS = YES_AGGRESSIVE;
				GCC_WARN_UNUSED_FUNCTION = YES;
				GCC_WARN_UNUSED_VARIABLE = YES;
				IPHONEOS_DEPLOYMENT_TARGET = 11.0;
				MTL_ENABLE_DEBUG_INFO = YES;
				ONLY_ACTIVE_ARCH = YES;
				SDKROOT = iphoneos;
				SWIFT_ACTIVE_COMPILATION_CONDITIONS = DEBUG;
				SWIFT_OPTIMIZATION_LEVEL = "-Onone";
			};
			name = Debug;
		};
		C33DD68C1F97018E006C2DD6 /* Release */ = {
			isa = XCBuildConfiguration;
			buildSettings = {
				ALWAYS_SEARCH_USER_PATHS = NO;
				CLANG_ANALYZER_NONNULL = YES;
				CLANG_ANALYZER_NUMBER_OBJECT_CONVERSION = YES_AGGRESSIVE;
				CLANG_CXX_LANGUAGE_STANDARD = "gnu++14";
				CLANG_CXX_LIBRARY = "libc++";
				CLANG_ENABLE_MODULES = YES;
				CLANG_ENABLE_OBJC_ARC = YES;
				CLANG_WARN_BLOCK_CAPTURE_AUTORELEASING = YES;
				CLANG_WARN_BOOL_CONVERSION = YES;
				CLANG_WARN_COMMA = YES;
				CLANG_WARN_CONSTANT_CONVERSION = YES;
				CLANG_WARN_DIRECT_OBJC_ISA_USAGE = YES_ERROR;
				CLANG_WARN_DOCUMENTATION_COMMENTS = YES;
				CLANG_WARN_EMPTY_BODY = YES;
				CLANG_WARN_ENUM_CONVERSION = YES;
				CLANG_WARN_INFINITE_RECURSION = YES;
				CLANG_WARN_INT_CONVERSION = YES;
				CLANG_WARN_NON_LITERAL_NULL_CONVERSION = YES;
				CLANG_WARN_OBJC_LITERAL_CONVERSION = YES;
				CLANG_WARN_OBJC_ROOT_CLASS = YES_ERROR;
				CLANG_WARN_RANGE_LOOP_ANALYSIS = YES;
				CLANG_WARN_STRICT_PROTOTYPES = YES;
				CLANG_WARN_SUSPICIOUS_MOVE = YES;
				CLANG_WARN_UNGUARDED_AVAILABILITY = YES_AGGRESSIVE;
				CLANG_WARN_UNREACHABLE_CODE = YES;
				CLANG_WARN__DUPLICATE_METHOD_MATCH = YES;
				CODE_SIGN_IDENTITY = "iPhone Developer";
				COPY_PHASE_STRIP = NO;
				DEBUG_INFORMATION_FORMAT = "dwarf-with-dsym";
				ENABLE_NS_ASSERTIONS = NO;
				ENABLE_STRICT_OBJC_MSGSEND = YES;
				GCC_C_LANGUAGE_STANDARD = gnu11;
				GCC_NO_COMMON_BLOCKS = YES;
				GCC_WARN_64_TO_32_BIT_CONVERSION = YES;
				GCC_WARN_ABOUT_RETURN_TYPE = YES_ERROR;
				GCC_WARN_UNDECLARED_SELECTOR = YES;
				GCC_WARN_UNINITIALIZED_AUTOS = YES_AGGRESSIVE;
				GCC_WARN_UNUSED_FUNCTION = YES;
				GCC_WARN_UNUSED_VARIABLE = YES;
				IPHONEOS_DEPLOYMENT_TARGET = 11.0;
				MTL_ENABLE_DEBUG_INFO = NO;
				SDKROOT = iphoneos;
				SWIFT_OPTIMIZATION_LEVEL = "-Owholemodule";
				VALIDATE_PRODUCT = YES;
			};
			name = Release;
		};
		C33DD68E1F97018E006C2DD6 /* Debug */ = {
			isa = XCBuildConfiguration;
			buildSettings = {
				ASSETCATALOG_COMPILER_APPICON_NAME = AppIcon;
				CODE_SIGN_STYLE = Automatic;
				DEVELOPMENT_TEAM = F4VF2VZ22M;
				INFOPLIST_FILE = Today/Info.plist;
				LD_RUNPATH_SEARCH_PATHS = "$(inherited) @executable_path/Frameworks";
				PRODUCT_BUNDLE_IDENTIFIER = com.scottiebiddle.Today;
				PRODUCT_NAME = "$(TARGET_NAME)";
				SWIFT_VERSION = 4.0;
				TARGETED_DEVICE_FAMILY = "1,2";
			};
			name = Debug;
		};
		C33DD68F1F97018E006C2DD6 /* Release */ = {
			isa = XCBuildConfiguration;
			buildSettings = {
				ASSETCATALOG_COMPILER_APPICON_NAME = AppIcon;
				CODE_SIGN_STYLE = Automatic;
				DEVELOPMENT_TEAM = F4VF2VZ22M;
				INFOPLIST_FILE = Today/Info.plist;
				LD_RUNPATH_SEARCH_PATHS = "$(inherited) @executable_path/Frameworks";
				PRODUCT_BUNDLE_IDENTIFIER = com.scottiebiddle.Today;
				PRODUCT_NAME = "$(TARGET_NAME)";
				SWIFT_VERSION = 4.0;
				TARGETED_DEVICE_FAMILY = "1,2";
			};
			name = Release;
		};
/* End XCBuildConfiguration section */

/* Begin XCConfigurationList section */
		C33DD6731F97018E006C2DD6 /* Build configuration list for PBXProject "Today" */ = {
			isa = XCConfigurationList;
			buildConfigurations = (
				C33DD68B1F97018E006C2DD6 /* Debug */,
				C33DD68C1F97018E006C2DD6 /* Release */,
			);
			defaultConfigurationIsVisible = 0;
			defaultConfigurationName = Release;
		};
		C33DD68D1F97018E006C2DD6 /* Build configuration list for PBXNativeTarget "Today" */ = {
			isa = XCConfigurationList;
			buildConfigurations = (
				C33DD68E1F97018E006C2DD6 /* Debug */,
				C33DD68F1F97018E006C2DD6 /* Release */,
			);
			defaultConfigurationIsVisible = 0;
			defaultConfigurationName = Release;
		};
/* End XCConfigurationList section */

/* Begin XCVersionGroup section */
		C33DD6821F97018E006C2DD6 /* Today.xcdatamodeld */ = {
			isa = XCVersionGroup;
			children = (
				C33DD6831F97018E006C2DD6 /* Today.xcdatamodel */,
			);
			currentVersion = C33DD6831F97018E006C2DD6 /* Today.xcdatamodel */;
			path = Today.xcdatamodeld;
			sourceTree = "<group>";
			versionGroupType = wrapper.xcdatamodel;
		};
/* End XCVersionGroup section */
	};
	rootObject = C33DD6701F97018E006C2DD6 /* Project object */;
}
